// !$*UTF8*$!
{
	archiveVersion = 1;
	classes = {
	};
	objectVersion = 50;
	objects = {

/* Begin PBXBuildFile section */
		3DB758DC2257D5E70053E364 /* AppDelegate.swift in Sources */ = {isa = PBXBuildFile; fileRef = 3DB758DB2257D5E70053E364 /* AppDelegate.swift */; };
		3DB758DE2257D5E70053E364 /* ViewController.swift in Sources */ = {isa = PBXBuildFile; fileRef = 3DB758DD2257D5E70053E364 /* ViewController.swift */; };
		3DB758E12257D5E70053E364 /* Main.storyboard in Resources */ = {isa = PBXBuildFile; fileRef = 3DB758DF2257D5E70053E364 /* Main.storyboard */; };
		3DB758E32257D5EC0053E364 /* Assets.xcassets in Resources */ = {isa = PBXBuildFile; fileRef = 3DB758E22257D5EC0053E364 /* Assets.xcassets */; };
		3DB758E62257D5EC0053E364 /* LaunchScreen.storyboard in Resources */ = {isa = PBXBuildFile; fileRef = 3DB758E42257D5EC0053E364 /* LaunchScreen.storyboard */; };
		3DB758F12257D5EC0053E364 /* RecentPhotosTests.swift in Sources */ = {isa = PBXBuildFile; fileRef = 3DB758F02257D5EC0053E364 /* RecentPhotosTests.swift */; };
/* End PBXBuildFile section */

/* Begin PBXContainerItemProxy section */
		3DB758ED2257D5EC0053E364 /* PBXContainerItemProxy */ = {
			isa = PBXContainerItemProxy;
			containerPortal = 3DB758D02257D5E70053E364 /* Project object */;
			proxyType = 1;
			remoteGlobalIDString = 3DB758D72257D5E70053E364;
			remoteInfo = RecentPhotos;
		};
/* End PBXContainerItemProxy section */

/* Begin PBXFileReference section */
		3DB758D82257D5E70053E364 /* RecentPhotos.app */ = {isa = PBXFileReference; explicitFileType = wrapper.application; includeInIndex = 0; path = RecentPhotos.app; sourceTree = BUILT_PRODUCTS_DIR; };
		3DB758DB2257D5E70053E364 /* AppDelegate.swift */ = {isa = PBXFileReference; lastKnownFileType = sourcecode.swift; path = AppDelegate.swift; sourceTree = "<group>"; };
		3DB758DD2257D5E70053E364 /* ViewController.swift */ = {isa = PBXFileReference; lastKnownFileType = sourcecode.swift; path = ViewController.swift; sourceTree = "<group>"; };
		3DB758E02257D5E70053E364 /* Base */ = {isa = PBXFileReference; lastKnownFileType = file.storyboard; name = Base; path = Base.lproj/Main.storyboard; sourceTree = "<group>"; };
		3DB758E22257D5EC0053E364 /* Assets.xcassets */ = {isa = PBXFileReference; lastKnownFileType = folder.assetcatalog; path = Assets.xcassets; sourceTree = "<group>"; };
		3DB758E52257D5EC0053E364 /* Base */ = {isa = PBXFileReference; lastKnownFileType = file.storyboard; name = Base; path = Base.lproj/LaunchScreen.storyboard; sourceTree = "<group>"; };
		3DB758E72257D5EC0053E364 /* Info.plist */ = {isa = PBXFileReference; lastKnownFileType = text.plist.xml; path = Info.plist; sourceTree = "<group>"; };
		3DB758EC2257D5EC0053E364 /* RecentPhotosTests.xctest */ = {isa = PBXFileReference; explicitFileType = wrapper.cfbundle; includeInIndex = 0; path = RecentPhotosTests.xctest; sourceTree = BUILT_PRODUCTS_DIR; };
		3DB758F02257D5EC0053E364 /* RecentPhotosTests.swift */ = {isa = PBXFileReference; lastKnownFileType = sourcecode.swift; path = RecentPhotosTests.swift; sourceTree = "<group>"; };
		3DB758F22257D5ED0053E364 /* Info.plist */ = {isa = PBXFileReference; lastKnownFileType = text.plist.xml; path = Info.plist; sourceTree = "<group>"; };
/* End PBXFileReference section */

/* Begin PBXFrameworksBuildPhase section */
		3DB758D52257D5E70053E364 /* Frameworks */ = {
			isa = PBXFrameworksBuildPhase;
			buildActionMask = 2147483647;
			files = (
			);
			runOnlyForDeploymentPostprocessing = 0;
		};
		3DB758E92257D5EC0053E364 /* Frameworks */ = {
			isa = PBXFrameworksBuildPhase;
			buildActionMask = 2147483647;
			files = (
			);
			runOnlyForDeploymentPostprocessing = 0;
		};
/* End PBXFrameworksBuildPhase section */

/* Begin PBXGroup section */
		3DB758CF2257D5E70053E364 = {
			isa = PBXGroup;
			children = (
				3DB758DA2257D5E70053E364 /* RecentPhotos */,
				3DB758EF2257D5EC0053E364 /* RecentPhotosTests */,
				3DB758D92257D5E70053E364 /* Products */,
			);
			sourceTree = "<group>";
		};
		3DB758D92257D5E70053E364 /* Products */ = {
			isa = PBXGroup;
			children = (
				3DB758D82257D5E70053E364 /* RecentPhotos.app */,
				3DB758EC2257D5EC0053E364 /* RecentPhotosTests.xctest */,
			);
			name = Products;
			sourceTree = "<group>";
		};
		3DB758DA2257D5E70053E364 /* RecentPhotos */ = {
			isa = PBXGroup;
			children = (
				3DB758DB2257D5E70053E364 /* AppDelegate.swift */,
				3DB758DD2257D5E70053E364 /* ViewController.swift */,
				3DB758DF2257D5E70053E364 /* Main.storyboard */,
				3DB758E22257D5EC0053E364 /* Assets.xcassets */,
				3DB758E42257D5EC0053E364 /* LaunchScreen.storyboard */,
				3DB758E72257D5EC0053E364 /* Info.plist */,
			);
			path = RecentPhotos;
			sourceTree = "<group>";
		};
		3DB758EF2257D5EC0053E364 /* RecentPhotosTests */ = {
			isa = PBXGroup;
			children = (
				3DB758F02257D5EC0053E364 /* RecentPhotosTests.swift */,
				3DB758F22257D5ED0053E364 /* Info.plist */,
			);
			path = RecentPhotosTests;
			sourceTree = "<group>";
		};
/* End PBXGroup section */

/* Begin PBXNativeTarget section */
		3DB758D72257D5E70053E364 /* RecentPhotos */ = {
			isa = PBXNativeTarget;
			buildConfigurationList = 3DB758F52257D5ED0053E364 /* Build configuration list for PBXNativeTarget "RecentPhotos" */;
			buildPhases = (
				3DB758D42257D5E70053E364 /* Sources */,
				3DB758D52257D5E70053E364 /* Frameworks */,
				3DB758D62257D5E70053E364 /* Resources */,
			);
			buildRules = (
			);
			dependencies = (
			);
			name = RecentPhotos;
			productName = RecentPhotos;
			productReference = 3DB758D82257D5E70053E364 /* RecentPhotos.app */;
			productType = "com.apple.product-type.application";
		};
		3DB758EB2257D5EC0053E364 /* RecentPhotosTests */ = {
			isa = PBXNativeTarget;
			buildConfigurationList = 3DB758F82257D5ED0053E364 /* Build configuration list for PBXNativeTarget "RecentPhotosTests" */;
			buildPhases = (
				3DB758E82257D5EC0053E364 /* Sources */,
				3DB758E92257D5EC0053E364 /* Frameworks */,
				3DB758EA2257D5EC0053E364 /* Resources */,
			);
			buildRules = (
			);
			dependencies = (
				3DB758EE2257D5EC0053E364 /* PBXTargetDependency */,
			);
			name = RecentPhotosTests;
			productName = RecentPhotosTests;
			productReference = 3DB758EC2257D5EC0053E364 /* RecentPhotosTests.xctest */;
			productType = "com.apple.product-type.bundle.unit-test";
		};
/* End PBXNativeTarget section */

/* Begin PBXProject section */
		3DB758D02257D5E70053E364 /* Project object */ = {
			isa = PBXProject;
			attributes = {
				LastSwiftUpdateCheck = 1010;
				LastUpgradeCheck = 1010;
				ORGANIZATIONNAME = "Brandt Daniels";
				TargetAttributes = {
					3DB758D72257D5E70053E364 = {
						CreatedOnToolsVersion = 10.1;
					};
					3DB758EB2257D5EC0053E364 = {
						CreatedOnToolsVersion = 10.1;
						TestTargetID = 3DB758D72257D5E70053E364;
					};
				};
			};
			buildConfigurationList = 3DB758D32257D5E70053E364 /* Build configuration list for PBXProject "RecentPhotos" */;
			compatibilityVersion = "Xcode 9.3";
			developmentRegion = en;
			hasScannedForEncodings = 0;
			knownRegions = (
				en,
				Base,
			);
			mainGroup = 3DB758CF2257D5E70053E364;
			productRefGroup = 3DB758D92257D5E70053E364 /* Products */;
			projectDirPath = "";
			projectRoot = "";
			targets = (
				3DB758D72257D5E70053E364 /* RecentPhotos */,
				3DB758EB2257D5EC0053E364 /* RecentPhotosTests */,
			);
		};
/* End PBXProject section */

/* Begin PBXResourcesBuildPhase section */
		3DB758D62257D5E70053E364 /* Resources */ = {
			isa = PBXResourcesBuildPhase;
			buildActionMask = 2147483647;
			files = (
				3DB758E62257D5EC0053E364 /* LaunchScreen.storyboard in Resources */,
				3DB758E32257D5EC0053E364 /* Assets.xcassets in Resources */,
				3DB758E12257D5E70053E364 /* Main.storyboard in Resources */,
			);
			runOnlyForDeploymentPostprocessing = 0;
		};
		3DB758EA2257D5EC0053E364 /* Resources */ = {
			isa = PBXResourcesBuildPhase;
			buildActionMask = 2147483647;
			files = (
			);
			runOnlyForDeploymentPostprocessing = 0;
		};
/* End PBXResourcesBuildPhase section */

/* Begin PBXSourcesBuildPhase section */
		3DB758D42257D5E70053E364 /* Sources */ = {
			isa = PBXSourcesBuildPhase;
			buildActionMask = 2147483647;
			files = (
				3DB758DE2257D5E70053E364 /* ViewController.swift in Sources */,
				3DB758DC2257D5E70053E364 /* AppDelegate.swift in Sources */,
			);
			runOnlyForDeploymentPostprocessing = 0;
		};
		3DB758E82257D5EC0053E364 /* Sources */ = {
			isa = PBXSourcesBuildPhase;
			buildActionMask = 2147483647;
			files = (
				3DB758F12257D5EC0053E364 /* RecentPhotosTests.swift in Sources */,
			);
			runOnlyForDeploymentPostprocessing = 0;
		};
/* End PBXSourcesBuildPhase section */

/* Begin PBXTargetDependency section */
		3DB758EE2257D5EC0053E364 /* PBXTargetDependency */ = {
			isa = PBXTargetDependency;
			target = 3DB758D72257D5E70053E364 /* RecentPhotos */;
			targetProxy = 3DB758ED2257D5EC0053E364 /* PBXContainerItemProxy */;
		};
/* End PBXTargetDependency section */

/* Begin PBXVariantGroup section */
		3DB758DF2257D5E70053E364 /* Main.storyboard */ = {
			isa = PBXVariantGroup;
			children = (
				3DB758E02257D5E70053E364 /* Base */,
			);
			name = Main.storyboard;
			sourceTree = "<group>";
		};
		3DB758E42257D5EC0053E364 /* LaunchScreen.storyboard */ = {
			isa = PBXVariantGroup;
			children = (
				3DB758E52257D5EC0053E364 /* Base */,
			);
			name = LaunchScreen.storyboard;
			sourceTree = "<group>";
		};
/* End PBXVariantGroup section */

/* Begin XCBuildConfiguration section */
		3DB758F32257D5ED0053E364 /* Debug */ = {
			isa = XCBuildConfiguration;
			buildSettings = {
				ALWAYS_SEARCH_USER_PATHS = NO;
				CLANG_ANALYZER_NONNULL = YES;
				CLANG_ANALYZER_NUMBER_OBJECT_CONVERSION = YES_AGGRESSIVE;
				CLANG_CXX_LANGUAGE_STANDARD = "gnu++14";
				CLANG_CXX_LIBRARY = "libc++";
				CLANG_ENABLE_MODULES = YES;
				CLANG_ENABLE_OBJC_ARC = YES;
				CLANG_ENABLE_OBJC_WEAK = YES;
				CLANG_WARN_BLOCK_CAPTURE_AUTORELEASING = YES;
				CLANG_WARN_BOOL_CONVERSION = YES;
				CLANG_WARN_COMMA = YES;
				CLANG_WARN_CONSTANT_CONVERSION = YES;
				CLANG_WARN_DEPRECATED_OBJC_IMPLEMENTATIONS = YES;
				CLANG_WARN_DIRECT_OBJC_ISA_USAGE = YES_ERROR;
				CLANG_WARN_DOCUMENTATION_COMMENTS = YES;
				CLANG_WARN_EMPTY_BODY = YES;
				CLANG_WARN_ENUM_CONVERSION = YES;
				CLANG_WARN_INFINITE_RECURSION = YES;
				CLANG_WARN_INT_CONVERSION = YES;
				CLANG_WARN_NON_LITERAL_NULL_CONVERSION = YES;
				CLANG_WARN_OBJC_IMPLICIT_RETAIN_SELF = YES;
				CLANG_WARN_OBJC_LITERAL_CONVERSION = YES;
				CLANG_WARN_OBJC_ROOT_CLASS = YES_ERROR;
				CLANG_WARN_RANGE_LOOP_ANALYSIS = YES;
				CLANG_WARN_STRICT_PROTOTYPES = YES;
				CLANG_WARN_SUSPICIOUS_MOVE = YES;
				CLANG_WARN_UNGUARDED_AVAILABILITY = YES_AGGRESSIVE;
				CLANG_WARN_UNREACHABLE_CODE = YES;
				CLANG_WARN__DUPLICATE_METHOD_MATCH = YES;
				CODE_SIGN_IDENTITY = "iPhone Developer";
				COPY_PHASE_STRIP = NO;
				DEBUG_INFORMATION_FORMAT = dwarf;
				ENABLE_STRICT_OBJC_MSGSEND = YES;
				ENABLE_TESTABILITY = YES;
				GCC_C_LANGUAGE_STANDARD = gnu11;
				GCC_DYNAMIC_NO_PIC = NO;
				GCC_NO_COMMON_BLOCKS = YES;
				GCC_OPTIMIZATION_LEVEL = 0;
				GCC_PREPROCESSOR_DEFINITIONS = (
					"DEBUG=1",
					"$(inherited)",
				);
				GCC_WARN_64_TO_32_BIT_CONVERSION = YES;
				GCC_WARN_ABOUT_RETURN_TYPE = YES_ERROR;
				GCC_WARN_UNDECLARED_SELECTOR = YES;
				GCC_WARN_UNINITIALIZED_AUTOS = YES_AGGRESSIVE;
				GCC_WARN_UNUSED_FUNCTION = YES;
				GCC_WARN_UNUSED_VARIABLE = YES;
				IPHONEOS_DEPLOYMENT_TARGET = 12.1;
				MTL_ENABLE_DEBUG_INFO = INCLUDE_SOURCE;
				MTL_FAST_MATH = YES;
				ONLY_ACTIVE_ARCH = YES;
				SDKROOT = iphoneos;
				SWIFT_ACTIVE_COMPILATION_CONDITIONS = DEBUG;
				SWIFT_OPTIMIZATION_LEVEL = "-Onone";
			};
			name = Debug;
		};
		3DB758F42257D5ED0053E364 /* Release */ = {
			isa = XCBuildConfiguration;
			buildSettings = {
				ALWAYS_SEARCH_USER_PATHS = NO;
				CLANG_ANALYZER_NONNULL = YES;
				CLANG_ANALYZER_NUMBER_OBJECT_CONVERSION = YES_AGGRESSIVE;
				CLANG_CXX_LANGUAGE_STANDARD = "gnu++14";
				CLANG_CXX_LIBRARY = "libc++";
				CLANG_ENABLE_MODULES = YES;
				CLANG_ENABLE_OBJC_ARC = YES;
				CLANG_ENABLE_OBJC_WEAK = YES;
				CLANG_WARN_BLOCK_CAPTURE_AUTORELEASING = YES;
				CLANG_WARN_BOOL_CONVERSION = YES;
				CLANG_WARN_COMMA = YES;
				CLANG_WARN_CONSTANT_CONVERSION = YES;
				CLANG_WARN_DEPRECATED_OBJC_IMPLEMENTATIONS = YES;
				CLANG_WARN_DIRECT_OBJC_ISA_USAGE = YES_ERROR;
				CLANG_WARN_DOCUMENTATION_COMMENTS = YES;
				CLANG_WARN_EMPTY_BODY = YES;
				CLANG_WARN_ENUM_CONVERSION = YES;
				CLANG_WARN_INFINITE_RECURSION = YES;
				CLANG_WARN_INT_CONVERSION = YES;
				CLANG_WARN_NON_LITERAL_NULL_CONVERSION = YES;
				CLANG_WARN_OBJC_IMPLICIT_RETAIN_SELF = YES;
				CLANG_WARN_OBJC_LITERAL_CONVERSION = YES;
				CLANG_WARN_OBJC_ROOT_CLASS = YES_ERROR;
				CLANG_WARN_RANGE_LOOP_ANALYSIS = YES;
				CLANG_WARN_STRICT_PROTOTYPES = YES;
				CLANG_WARN_SUSPICIOUS_MOVE = YES;
				CLANG_WARN_UNGUARDED_AVAILABILITY = YES_AGGRESSIVE;
				CLANG_WARN_UNREACHABLE_CODE = YES;
				CLANG_WARN__DUPLICATE_METHOD_MATCH = YES;
				CODE_SIGN_IDENTITY = "iPhone Developer";
				COPY_PHASE_STRIP = NO;
				DEBUG_INFORMATION_FORMAT = "dwarf-with-dsym";
				ENABLE_NS_ASSERTIONS = NO;
				ENABLE_STRICT_OBJC_MSGSEND = YES;
				GCC_C_LANGUAGE_STANDARD = gnu11;
				GCC_NO_COMMON_BLOCKS = YES;
				GCC_WARN_64_TO_32_BIT_CONVERSION = YES;
				GCC_WARN_ABOUT_RETURN_TYPE = YES_ERROR;
				GCC_WARN_UNDECLARED_SELECTOR = YES;
				GCC_WARN_UNINITIALIZED_AUTOS = YES_AGGRESSIVE;
				GCC_WARN_UNUSED_FUNCTION = YES;
				GCC_WARN_UNUSED_VARIABLE = YES;
				IPHONEOS_DEPLOYMENT_TARGET = 12.1;
				MTL_ENABLE_DEBUG_INFO = NO;
				MTL_FAST_MATH = YES;
				SDKROOT = iphoneos;
				SWIFT_COMPILATION_MODE = wholemodule;
				SWIFT_OPTIMIZATION_LEVEL = "-O";
				VALIDATE_PRODUCT = YES;
			};
			name = Release;
		};
		3DB758F62257D5ED0053E364 /* Debug */ = {
			isa = XCBuildConfiguration;
			buildSettings = {
				ASSETCATALOG_COMPILER_APPICON_NAME = AppIcon;
				CODE_SIGN_STYLE = Automatic;
				INFOPLIST_FILE = RecentPhotos/Info.plist;
				LD_RUNPATH_SEARCH_PATHS = (
					"$(inherited)",
					"@executable_path/Frameworks",
				);
				PRODUCT_BUNDLE_IDENTIFIER = com.brandtdaniels.RecentPhotos;
				PRODUCT_NAME = "$(TARGET_NAME)";
				SWIFT_VERSION = 4.2;
				TARGETED_DEVICE_FAMILY = "1,2";
			};
			name = Debug;
		};
		3DB758F72257D5ED0053E364 /* Release */ = {
			isa = XCBuildConfiguration;
			buildSettings = {
				ASSETCATALOG_COMPILER_APPICON_NAME = AppIcon;
				CODE_SIGN_STYLE = Automatic;
				INFOPLIST_FILE = RecentPhotos/Info.plist;
				LD_RUNPATH_SEARCH_PATHS = (
					"$(inherited)",
					"@executable_path/Frameworks",
				);
				PRODUCT_BUNDLE_IDENTIFIER = com.brandtdaniels.RecentPhotos;
				PRODUCT_NAME = "$(TARGET_NAME)";
				SWIFT_VERSION = 4.2;
				TARGETED_DEVICE_FAMILY = "1,2";
			};
			name = Release;
		};
		3DB758F92257D5ED0053E364 /* Debug */ = {
			isa = XCBuildConfiguration;
			buildSettings = {
				ALWAYS_EMBED_SWIFT_STANDARD_LIBRARIES = YES;
				BUNDLE_LOADER = "$(TEST_HOST)";
				CODE_SIGN_STYLE = Automatic;
				INFOPLIST_FILE = RecentPhotosTests/Info.plist;
				LD_RUNPATH_SEARCH_PATHS = (
					"$(inherited)",
					"@executable_path/Frameworks",
					"@loader_path/Frameworks",
				);
				PRODUCT_BUNDLE_IDENTIFIER = com.brandtdaniels.RecentPhotosTests;
				PRODUCT_NAME = "$(TARGET_NAME)";
				SWIFT_VERSION = 4.2;
				TARGETED_DEVICE_FAMILY = "1,2";
				TEST_HOST = "$(BUILT_PRODUCTS_DIR)/RecentPhotos.app/RecentPhotos";
			};
			name = Debug;
		};
		3DB758FA2257D5ED0053E364 /* Release */ = {
			isa = XCBuildConfiguration;
			buildSettings = {
				ALWAYS_EMBED_SWIFT_STANDARD_LIBRARIES = YES;
				BUNDLE_LOADER = "$(TEST_HOST)";
				CODE_SIGN_STYLE = Automatic;
				INFOPLIST_FILE = RecentPhotosTests/Info.plist;
				LD_RUNPATH_SEARCH_PATHS = (
					"$(inherited)",
					"@executable_path/Frameworks",
					"@loader_path/Frameworks",
				);
				PRODUCT_BUNDLE_IDENTIFIER = com.brandtdaniels.RecentPhotosTests;
				PRODUCT_NAME = "$(TARGET_NAME)";
				SWIFT_VERSION = 4.2;
				TARGETED_DEVICE_FAMILY = "1,2";
				TEST_HOST = "$(BUILT_PRODUCTS_DIR)/RecentPhotos.app/RecentPhotos";
			};
			name = Release;
		};
/* End XCBuildConfiguration section */

/* Begin XCConfigurationList section */
		3DB758D32257D5E70053E364 /* Build configuration list for PBXProject "RecentPhotos" */ = {
			isa = XCConfigurationList;
			buildConfigurations = (
				3DB758F32257D5ED0053E364 /* Debug */,
				3DB758F42257D5ED0053E364 /* Release */,
			);
			defaultConfigurationIsVisible = 0;
			defaultConfigurationName = Release;
		};
		3DB758F52257D5ED0053E364 /* Build configuration list for PBXNativeTarget "RecentPhotos" */ = {
			isa = XCConfigurationList;
			buildConfigurations = (
				3DB758F62257D5ED0053E364 /* Debug */,
				3DB758F72257D5ED0053E364 /* Release */,
			);
			defaultConfigurationIsVisible = 0;
			defaultConfigurationName = Release;
		};
		3DB758F82257D5ED0053E364 /* Build configuration list for PBXNativeTarget "RecentPhotosTests" */ = {
			isa = XCConfigurationList;
			buildConfigurations = (
				3DB758F92257D5ED0053E364 /* Debug */,
				3DB758FA2257D5ED0053E364 /* Release */,
			);
			defaultConfigurationIsVisible = 0;
			defaultConfigurationName = Release;
		};
/* End XCConfigurationList section */
	};
	rootObject = 3DB758D02257D5E70053E364 /* Project object */;
}
